
Microsoft Visual Studio Solution File, Format Version 12.00
# Visual Studio Version 17
VisualStudioVersion = 17.10.35122.118
MinimumVisualStudioVersion = 10.0.40219.1
Project("{FAE04EC0-301F-11D3-BF4B-00C04F79EFBC}") = "ProjetoJP", "ProjetoJP\ProjetoJP.csproj", "{B88BA2CF-9770-4A25-AB02-E3EB45426318}"
EndProject
Global
	GlobalSection(SolutionConfigurationPlatforms) = preSolution
		Debug|Any CPU = Debug|Any CPU
		Release|Any CPU = Release|Any CPU
	EndGlobalSection
	GlobalSection(ProjectConfigurationPlatforms) = postSolution
		{B88BA2CF-9770-4A25-AB02-E3EB45426318}.Debug|Any CPU.ActiveCfg = Debug|Any CPU
		{B88BA2CF-9770-4A25-AB02-E3EB45426318}.Debug|Any CPU.Build.0 = Debug|Any CPU
		{B88BA2CF-9770-4A25-AB02-E3EB45426318}.Release|Any CPU.ActiveCfg = Release|Any CPU
		{B88BA2CF-9770-4A25-AB02-E3EB45426318}.Release|Any CPU.Build.0 = Release|Any CPU
	EndGlobalSection
	GlobalSection(SolutionProperties) = preSolution
		HideSolutionNode = FALSE
	EndGlobalSection
	GlobalSection(ExtensibilityGlobals) = postSolution
		SolutionGuid = {362EA8EF-8E23-43C0-8157-B5E539CA2C9C}
	EndGlobalSection
EndGlobal
